
Microsoft Visual Studio Solution File, Format Version 12.00
# Visual Studio Version 17
VisualStudioVersion = 17.5.002.0
MinimumVisualStudioVersion = 10.0.40219.1
Project("{9A19103F-16F7-4668-BE54-9A1E7A4F7556}") = "TimedosSonhos", "TimedosSonhos.csproj", "{03A5E3AF-BF42-4B60-A4CA-E6497B48899D}"
EndProject
Global
	GlobalSection(SolutionConfigurationPlatforms) = preSolution
		Debug|Any CPU = Debug|Any CPU
		Release|Any CPU = Release|Any CPU
	EndGlobalSection
	GlobalSection(ProjectConfigurationPlatforms) = postSolution
		{03A5E3AF-BF42-4B60-A4CA-E6497B48899D}.Debug|Any CPU.ActiveCfg = Debug|Any CPU
		{03A5E3AF-BF42-4B60-A4CA-E6497B48899D}.Debug|Any CPU.Build.0 = Debug|Any CPU
		{03A5E3AF-BF42-4B60-A4CA-E6497B48899D}.Release|Any CPU.ActiveCfg = Release|Any CPU
		{03A5E3AF-BF42-4B60-A4CA-E6497B48899D}.Release|Any CPU.Build.0 = Release|Any CPU
	EndGlobalSection
	GlobalSection(SolutionProperties) = preSolution
		HideSolutionNode = FALSE
	EndGlobalSection
	GlobalSection(ExtensibilityGlobals) = postSolution
		SolutionGuid = {0DF0EE43-093B-4898-9A5D-50376CDE737A}
	EndGlobalSection
EndGlobal
